
Microsoft Visual Studio Solution File, Format Version 12.00
# Visual Studio 2012
Project("{E24C65DC-7377-472B-9ABA-BC803B73C61A}") = "videojs-poster-plugin", "..\videojs-poster-plugin", "{FBE25CD8-CE60-4A9F-9EBF-0B84B90FC1CC}"
	ProjectSection(WebsiteProperties) = preProject
		TargetFrameworkMoniker = ".NETFramework,Version%3Dv4.0"
		Debug.AspNetCompiler.VirtualPath = "/videojs-poster-plugin"
		Debug.AspNetCompiler.PhysicalPath = "D:\Projects\Javascript\videojs-poster-plugin\"
		Debug.AspNetCompiler.TargetPath = "PrecompiledWeb\videojs-poster-plugin\"
		Debug.AspNetCompiler.Updateable = "true"
		Debug.AspNetCompiler.ForceOverwrite = "true"
		Debug.AspNetCompiler.FixedNames = "false"
		Debug.AspNetCompiler.Debug = "True"
		Release.AspNetCompiler.VirtualPath = "/videojs-poster-plugin"
		Release.AspNetCompiler.PhysicalPath = "D:\Projects\Javascript\videojs-poster-plugin\"
		Release.AspNetCompiler.TargetPath = "PrecompiledWeb\videojs-poster-plugin\"
		Release.AspNetCompiler.Updateable = "true"
		Release.AspNetCompiler.ForceOverwrite = "true"
		Release.AspNetCompiler.FixedNames = "false"
		Release.AspNetCompiler.Debug = "False"
		VWDPort = "50766"
	EndProjectSection
EndProject
Global
	GlobalSection(SolutionConfigurationPlatforms) = preSolution
		Debug|Any CPU = Debug|Any CPU
	EndGlobalSection
	GlobalSection(ProjectConfigurationPlatforms) = postSolution
		{FBE25CD8-CE60-4A9F-9EBF-0B84B90FC1CC}.Debug|Any CPU.ActiveCfg = Debug|Any CPU
		{FBE25CD8-CE60-4A9F-9EBF-0B84B90FC1CC}.Debug|Any CPU.Build.0 = Debug|Any CPU
	EndGlobalSection
	GlobalSection(SolutionProperties) = preSolution
		HideSolutionNode = FALSE
	EndGlobalSection
EndGlobal
